
Microsoft Visual Studio Solution File, Format Version 12.00
# Visual Studio Version 17
VisualStudioVersion = 17.11.35222.181
MinimumVisualStudioVersion = 10.0.40219.1
Project("{2150E333-8FDC-42A3-9474-1A3956D46DE8}") = "src", "src", "{8B0B18BA-4A04-46E1-823E-8B0571D70D3F}"
EndProject
Project("{2150E333-8FDC-42A3-9474-1A3956D46DE8}") = "test", "test", "{8023E326-3915-4055-9989-771EE037A314}"
EndProject
Project("{2150E333-8FDC-42A3-9474-1A3956D46DE8}") = "APIs", "APIs", "{BF165FCB-8DEF-4221-B560-78A263689F64}"
EndProject
Project("{2150E333-8FDC-42A3-9474-1A3956D46DE8}") = "Infrustrcture", "Infrustrcture", "{46B09C63-0553-46F5-9DE3-6BB64B314702}"
EndProject
Project("{2150E333-8FDC-42A3-9474-1A3956D46DE8}") = "UI", "UI", "{A606915E-379B-468E-9265-FA2191E2F036}"
EndProject
Project("{2150E333-8FDC-42A3-9474-1A3956D46DE8}") = "Core", "Core", "{44327F9C-6649-41BD-80A5-273116481199}"
EndProject
Project("{9A19103F-16F7-4668-BE54-9A1E7A4F7556}") = "LinkDev.Talabat.APIs", "LinkDev.Talabat.APIs\LinkDev.Talabat.APIs.csproj", "{7C17FFEB-617D-41C6-A28C-30390A5C7EC5}"
EndProject
Project("{FAE04EC0-301F-11D3-BF4B-00C04F79EFBC}") = "LinkDev.Talabat.Core.Domain", "LinkDev.Talabat.Core.Domain\LinkDev.Talabat.Core.Domain.csproj", "{7939C4EE-0EA9-4623-B7F3-47A415335E0A}"
EndProject
Project("{FAE04EC0-301F-11D3-BF4B-00C04F79EFBC}") = "LinkDev.Talabat.Core.Application", "LinkDev.Talabat.Core.Application\LinkDev.Talabat.Core.Application.csproj", "{06B833EB-F30C-4D4D-800A-EFC6DD00A3F3}"
EndProject
Project("{FAE04EC0-301F-11D3-BF4B-00C04F79EFBC}") = "LinkDev.Talabat.Core.Application.Abstraction", "LinkDev.Talabat.Core.Application.Abstraction\LinkDev.Talabat.Core.Application.Abstraction.csproj", "{CF2C80C5-DCD2-439E-AB08-785D3E06D988}"
EndProject
Project("{FAE04EC0-301F-11D3-BF4B-00C04F79EFBC}") = "LinkDev.Talabat.Infrastructure", "LinkDev.Talabat.Infrastructure\LinkDev.Talabat.Infrastructure.csproj", "{7613B292-0839-4122-B4CF-D22DEA900425}"
EndProject
Project("{FAE04EC0-301F-11D3-BF4B-00C04F79EFBC}") = "LinkDev.Talabat.Infrastructrure.Persistence", "LinkDev.Talabat.Infrastructrure.Persistence\LinkDev.Talabat.Infrastructrure.Persistence.csproj", "{D219731F-0863-4B94-9A1C-33F9A1C984ED}"
EndProject
Project("{2150E333-8FDC-42A3-9474-1A3956D46DE8}") = "Client", "Client", "{A9A97837-2F24-4400-9B34-05821E2C6A41}"
EndProject
Project("{2150E333-8FDC-42A3-9474-1A3956D46DE8}") = "Dashboard", "Dashboard", "{85F1878B-8C81-42B5-BFE9-FDA73C22DBA2}"
EndProject
Project("{FAE04EC0-301F-11D3-BF4B-00C04F79EFBC}") = "LinkDev.Talabat.Dashboard", "LinkDev.Talabat.Dash\LinkDev.Talabat.Dashboard.csproj", "{0A3AD2A8-357F-4C90-81B8-93BC235E7041}"
EndProject
Project("{FAE04EC0-301F-11D3-BF4B-00C04F79EFBC}") = "LinkDev.Talabat.Apis.Controller", "LinkDev.Talabat.Apis.Controller\LinkDev.Talabat.Apis.Controller.csproj", "{68E58AB5-AB46-4A2E-9F2B-7DB215CA559C}"
EndProject
Global
	GlobalSection(SolutionConfigurationPlatforms) = preSolution
		Debug|Any CPU = Debug|Any CPU
		Release|Any CPU = Release|Any CPU
	EndGlobalSection
	GlobalSection(ProjectConfigurationPlatforms) = postSolution
		{7C17FFEB-617D-41C6-A28C-30390A5C7EC5}.Debug|Any CPU.ActiveCfg = Debug|Any CPU
		{7C17FFEB-617D-41C6-A28C-30390A5C7EC5}.Debug|Any CPU.Build.0 = Debug|Any CPU
		{7C17FFEB-617D-41C6-A28C-30390A5C7EC5}.Release|Any CPU.ActiveCfg = Release|Any CPU
		{7C17FFEB-617D-41C6-A28C-30390A5C7EC5}.Release|Any CPU.Build.0 = Release|Any CPU
		{7939C4EE-0EA9-4623-B7F3-47A415335E0A}.Debug|Any CPU.ActiveCfg = Debug|Any CPU
		{7939C4EE-0EA9-4623-B7F3-47A415335E0A}.Debug|Any CPU.Build.0 = Debug|Any CPU
		{7939C4EE-0EA9-4623-B7F3-47A415335E0A}.Release|Any CPU.ActiveCfg = Release|Any CPU
		{7939C4EE-0EA9-4623-B7F3-47A415335E0A}.Release|Any CPU.Build.0 = Release|Any CPU
		{06B833EB-F30C-4D4D-800A-EFC6DD00A3F3}.Debug|Any CPU.ActiveCfg = Debug|Any CPU
		{06B833EB-F30C-4D4D-800A-EFC6DD00A3F3}.Debug|Any CPU.Build.0 = Debug|Any CPU
		{06B833EB-F30C-4D4D-800A-EFC6DD00A3F3}.Release|Any CPU.ActiveCfg = Release|Any CPU
		{06B833EB-F30C-4D4D-800A-EFC6DD00A3F3}.Release|Any CPU.Build.0 = Release|Any CPU
		{CF2C80C5-DCD2-439E-AB08-785D3E06D988}.Debug|Any CPU.ActiveCfg = Debug|Any CPU
		{CF2C80C5-DCD2-439E-AB08-785D3E06D988}.Debug|Any CPU.Build.0 = Debug|Any CPU
		{CF2C80C5-DCD2-439E-AB08-785D3E06D988}.Release|Any CPU.ActiveCfg = Release|Any CPU
		{CF2C80C5-DCD2-439E-AB08-785D3E06D988}.Release|Any CPU.Build.0 = Release|Any CPU
		{7613B292-0839-4122-B4CF-D22DEA900425}.Debug|Any CPU.ActiveCfg = Debug|Any CPU
		{7613B292-0839-4122-B4CF-D22DEA900425}.Debug|Any CPU.Build.0 = Debug|Any CPU
		{7613B292-0839-4122-B4CF-D22DEA900425}.Release|Any CPU.ActiveCfg = Release|Any CPU
		{7613B292-0839-4122-B4CF-D22DEA900425}.Release|Any CPU.Build.0 = Release|Any CPU
		{D219731F-0863-4B94-9A1C-33F9A1C984ED}.Debug|Any CPU.ActiveCfg = Debug|Any CPU
		{D219731F-0863-4B94-9A1C-33F9A1C984ED}.Debug|Any CPU.Build.0 = Debug|Any CPU
		{D219731F-0863-4B94-9A1C-33F9A1C984ED}.Release|Any CPU.ActiveCfg = Release|Any CPU
		{D219731F-0863-4B94-9A1C-33F9A1C984ED}.Release|Any CPU.Build.0 = Release|Any CPU
		{0A3AD2A8-357F-4C90-81B8-93BC235E7041}.Debug|Any CPU.ActiveCfg = Debug|Any CPU
		{0A3AD2A8-357F-4C90-81B8-93BC235E7041}.Debug|Any CPU.Build.0 = Debug|Any CPU
		{0A3AD2A8-357F-4C90-81B8-93BC235E7041}.Release|Any CPU.ActiveCfg = Release|Any CPU
		{0A3AD2A8-357F-4C90-81B8-93BC235E7041}.Release|Any CPU.Build.0 = Release|Any CPU
		{68E58AB5-AB46-4A2E-9F2B-7DB215CA559C}.Debug|Any CPU.ActiveCfg = Debug|Any CPU
		{68E58AB5-AB46-4A2E-9F2B-7DB215CA559C}.Debug|Any CPU.Build.0 = Debug|Any CPU
		{68E58AB5-AB46-4A2E-9F2B-7DB215CA559C}.Release|Any CPU.ActiveCfg = Release|Any CPU
		{68E58AB5-AB46-4A2E-9F2B-7DB215CA559C}.Release|Any CPU.Build.0 = Release|Any CPU
	EndGlobalSection
	GlobalSection(SolutionProperties) = preSolution
		HideSolutionNode = FALSE
	EndGlobalSection
	GlobalSection(NestedProjects) = preSolution
		{BF165FCB-8DEF-4221-B560-78A263689F64} = {8B0B18BA-4A04-46E1-823E-8B0571D70D3F}
		{46B09C63-0553-46F5-9DE3-6BB64B314702} = {8B0B18BA-4A04-46E1-823E-8B0571D70D3F}
		{A606915E-379B-468E-9265-FA2191E2F036} = {8B0B18BA-4A04-46E1-823E-8B0571D70D3F}
		{44327F9C-6649-41BD-80A5-273116481199} = {8B0B18BA-4A04-46E1-823E-8B0571D70D3F}
		{7C17FFEB-617D-41C6-A28C-30390A5C7EC5} = {BF165FCB-8DEF-4221-B560-78A263689F64}
		{7939C4EE-0EA9-4623-B7F3-47A415335E0A} = {44327F9C-6649-41BD-80A5-273116481199}
		{06B833EB-F30C-4D4D-800A-EFC6DD00A3F3} = {44327F9C-6649-41BD-80A5-273116481199}
		{CF2C80C5-DCD2-439E-AB08-785D3E06D988} = {44327F9C-6649-41BD-80A5-273116481199}
		{7613B292-0839-4122-B4CF-D22DEA900425} = {46B09C63-0553-46F5-9DE3-6BB64B314702}
		{D219731F-0863-4B94-9A1C-33F9A1C984ED} = {46B09C63-0553-46F5-9DE3-6BB64B314702}
		{A9A97837-2F24-4400-9B34-05821E2C6A41} = {A606915E-379B-468E-9265-FA2191E2F036}
		{85F1878B-8C81-42B5-BFE9-FDA73C22DBA2} = {A606915E-379B-468E-9265-FA2191E2F036}
		{0A3AD2A8-357F-4C90-81B8-93BC235E7041} = {85F1878B-8C81-42B5-BFE9-FDA73C22DBA2}
		{68E58AB5-AB46-4A2E-9F2B-7DB215CA559C} = {BF165FCB-8DEF-4221-B560-78A263689F64}
	EndGlobalSection
	GlobalSection(ExtensibilityGlobals) = postSolution
		SolutionGuid = {F60280AD-9263-494F-838C-3E17540BDE76}
	EndGlobalSection
EndGlobal
